
Microsoft Visual Studio Solution File, Format Version 12.00
# Visual Studio Version 17
VisualStudioVersion = 17.9.34607.119
MinimumVisualStudioVersion = 10.0.40219.1
Project("{FAE04EC0-301F-11D3-BF4B-00C04F79EFBC}") = "Week4Assignment", "Week4Assignment\Week4Assignment.csproj", "{C8756EE4-75CE-4FCA-A9BC-1B8780384B7F}"
EndProject
Global
	GlobalSection(SolutionConfigurationPlatforms) = preSolution
		Debug|Any CPU = Debug|Any CPU
		Release|Any CPU = Release|Any CPU
	EndGlobalSection
	GlobalSection(ProjectConfigurationPlatforms) = postSolution
		{C8756EE4-75CE-4FCA-A9BC-1B8780384B7F}.Debug|Any CPU.ActiveCfg = Debug|Any CPU
		{C8756EE4-75CE-4FCA-A9BC-1B8780384B7F}.Debug|Any CPU.Build.0 = Debug|Any CPU
		{C8756EE4-75CE-4FCA-A9BC-1B8780384B7F}.Release|Any CPU.ActiveCfg = Release|Any CPU
		{C8756EE4-75CE-4FCA-A9BC-1B8780384B7F}.Release|Any CPU.Build.0 = Release|Any CPU
	EndGlobalSection
	GlobalSection(SolutionProperties) = preSolution
		HideSolutionNode = FALSE
	EndGlobalSection
	GlobalSection(ExtensibilityGlobals) = postSolution
		SolutionGuid = {96ED1E9B-48A3-4003-BF99-F2F181AF844C}
	EndGlobalSection
EndGlobal
